
Microsoft Visual Studio Solution File, Format Version 12.00
# Visual Studio Version 16
VisualStudioVersion = 16.0.31702.278
MinimumVisualStudioVersion = 10.0.40219.1
Project("{2150E333-8FDC-42A3-9474-1A3956D46DE8}") = "Demo 01", "Demo 01", "{73984587-B1E6-4838-8B97-A3F004C817AE}"
EndProject
Project("{FAE04EC0-301F-11D3-BF4B-00C04F79EFBC}") = "MultipleRules", "Demo 01\MultipleRules\MultipleRules.csproj", "{369A69AF-58FE-48ED-ACC8-0DF3DD797832}"
EndProject
Global
	GlobalSection(SolutionConfigurationPlatforms) = preSolution
		Debug|Any CPU = Debug|Any CPU
		Release|Any CPU = Release|Any CPU
	EndGlobalSection
	GlobalSection(ProjectConfigurationPlatforms) = postSolution
		{369A69AF-58FE-48ED-ACC8-0DF3DD797832}.Debug|Any CPU.ActiveCfg = Debug|Any CPU
		{369A69AF-58FE-48ED-ACC8-0DF3DD797832}.Debug|Any CPU.Build.0 = Debug|Any CPU
		{369A69AF-58FE-48ED-ACC8-0DF3DD797832}.Release|Any CPU.ActiveCfg = Release|Any CPU
		{369A69AF-58FE-48ED-ACC8-0DF3DD797832}.Release|Any CPU.Build.0 = Release|Any CPU
	EndGlobalSection
	GlobalSection(SolutionProperties) = preSolution
		HideSolutionNode = FALSE
	EndGlobalSection
	GlobalSection(NestedProjects) = preSolution
		{369A69AF-58FE-48ED-ACC8-0DF3DD797832} = {73984587-B1E6-4838-8B97-A3F004C817AE}
	EndGlobalSection
	GlobalSection(ExtensibilityGlobals) = postSolution
		SolutionGuid = {28FD6008-D8F3-46F0-BA5A-603C8D75B095}
	EndGlobalSection
EndGlobal
